
Microsoft Visual Studio Solution File, Format Version 12.00
# Visual Studio Version 17
VisualStudioVersion = 17.11.35219.272
MinimumVisualStudioVersion = 10.0.40219.1
Project("{FAE04EC0-301F-11D3-BF4B-00C04F79EFBC}") = "HW2-Q5", "HW2-Q5\HW2-Q5.csproj", "{EB9E1548-4469-458C-835A-9E9094B12519}"
EndProject
Global
	GlobalSection(SolutionConfigurationPlatforms) = preSolution
		Debug|Any CPU = Debug|Any CPU
		Release|Any CPU = Release|Any CPU
	EndGlobalSection
	GlobalSection(ProjectConfigurationPlatforms) = postSolution
		{EB9E1548-4469-458C-835A-9E9094B12519}.Debug|Any CPU.ActiveCfg = Debug|Any CPU
		{EB9E1548-4469-458C-835A-9E9094B12519}.Debug|Any CPU.Build.0 = Debug|Any CPU
		{EB9E1548-4469-458C-835A-9E9094B12519}.Release|Any CPU.ActiveCfg = Release|Any CPU
		{EB9E1548-4469-458C-835A-9E9094B12519}.Release|Any CPU.Build.0 = Release|Any CPU
	EndGlobalSection
	GlobalSection(SolutionProperties) = preSolution
		HideSolutionNode = FALSE
	EndGlobalSection
	GlobalSection(ExtensibilityGlobals) = postSolution
		SolutionGuid = {9E2C62F7-F5C5-4E94-972A-A9E7B253FCCD}
	EndGlobalSection
EndGlobal
